
Microsoft Visual Studio Solution File, Format Version 12.00
# Visual Studio Version 17
VisualStudioVersion = 17.10.34928.147
MinimumVisualStudioVersion = 10.0.40219.1
Project("{FAE04EC0-301F-11D3-BF4B-00C04F79EFBC}") = "BG-Marjorie-Falcone-Godoy-392024-Backend", "BG-Marjorie-Falcone-Godoy-392024-Backend\BG-Marjorie-Falcone-Godoy-392024-Backend.csproj", "{3FFBDDF1-4124-46F5-93DC-7540FC14B5FF}"
EndProject
Global
	GlobalSection(SolutionConfigurationPlatforms) = preSolution
		Debug|Any CPU = Debug|Any CPU
		Release|Any CPU = Release|Any CPU
	EndGlobalSection
	GlobalSection(ProjectConfigurationPlatforms) = postSolution
		{3FFBDDF1-4124-46F5-93DC-7540FC14B5FF}.Debug|Any CPU.ActiveCfg = Debug|Any CPU
		{3FFBDDF1-4124-46F5-93DC-7540FC14B5FF}.Debug|Any CPU.Build.0 = Debug|Any CPU
		{3FFBDDF1-4124-46F5-93DC-7540FC14B5FF}.Release|Any CPU.ActiveCfg = Release|Any CPU
		{3FFBDDF1-4124-46F5-93DC-7540FC14B5FF}.Release|Any CPU.Build.0 = Release|Any CPU
	EndGlobalSection
	GlobalSection(SolutionProperties) = preSolution
		HideSolutionNode = FALSE
	EndGlobalSection
	GlobalSection(ExtensibilityGlobals) = postSolution
		SolutionGuid = {9B8B3819-9CD6-49B2-A020-EFCC8BF5032D}
	EndGlobalSection
EndGlobal
